
Microsoft Visual Studio Solution File, Format Version 10.00
# Visual Studio 2008
Project("{FAE04EC0-301F-11D3-BF4B-00C04F79EFBC}") = "Chinook.TopShelfService", "Chinook.TopShelfService.csproj", "{A0561E4C-283D-4372-B2EA-22AA3C5AB014}"
EndProject
Project("{FAE04EC0-301F-11D3-BF4B-00C04F79EFBC}") = "Chinook.QuartzScheduler", "..\Chinook.QuartzScheduler\Chinook.QuartzScheduler.csproj", "{277792B3-6621-46DE-B55F-0642C20ECF41}"
EndProject
Global
	GlobalSection(SolutionConfigurationPlatforms) = preSolution
		Debug|Any CPU = Debug|Any CPU
		Release|Any CPU = Release|Any CPU
	EndGlobalSection
	GlobalSection(ProjectConfigurationPlatforms) = postSolution
		{A0561E4C-283D-4372-B2EA-22AA3C5AB014}.Debug|Any CPU.ActiveCfg = Debug|Any CPU
		{A0561E4C-283D-4372-B2EA-22AA3C5AB014}.Debug|Any CPU.Build.0 = Debug|Any CPU
		{A0561E4C-283D-4372-B2EA-22AA3C5AB014}.Release|Any CPU.ActiveCfg = Release|Any CPU
		{A0561E4C-283D-4372-B2EA-22AA3C5AB014}.Release|Any CPU.Build.0 = Release|Any CPU
		{277792B3-6621-46DE-B55F-0642C20ECF41}.Debug|Any CPU.ActiveCfg = Debug|Any CPU
		{277792B3-6621-46DE-B55F-0642C20ECF41}.Debug|Any CPU.Build.0 = Debug|Any CPU
		{277792B3-6621-46DE-B55F-0642C20ECF41}.Release|Any CPU.ActiveCfg = Release|Any CPU
		{277792B3-6621-46DE-B55F-0642C20ECF41}.Release|Any CPU.Build.0 = Release|Any CPU
	EndGlobalSection
	GlobalSection(SolutionProperties) = preSolution
		HideSolutionNode = FALSE
	EndGlobalSection
EndGlobal
